// !$*UTF8*$!
{
	archiveVersion = 1;
	classes = {
	};
	objectVersion = 46;
	objects = {

/* Begin PBXBuildFile section */
		8E94A5021FE74CDD000A919D /* AppDelegate.swift in Sources */ = {isa = PBXBuildFile; fileRef = 8E94A5011FE74CDD000A919D /* AppDelegate.swift */; };
		8E94A5041FE74CDD000A919D /* ViewController.swift in Sources */ = {isa = PBXBuildFile; fileRef = 8E94A5031FE74CDD000A919D /* ViewController.swift */; };
		8E94A5071FE74CDD000A919D /* Main.storyboard in Resources */ = {isa = PBXBuildFile; fileRef = 8E94A5051FE74CDD000A919D /* Main.storyboard */; };
		8E94A50A1FE74CDD000A919D /* ActivityRecognition.xcdatamodeld in Sources */ = {isa = PBXBuildFile; fileRef = 8E94A5081FE74CDD000A919D /* ActivityRecognition.xcdatamodeld */; };
		8E94A50C1FE74CDD000A919D /* Assets.xcassets in Resources */ = {isa = PBXBuildFile; fileRef = 8E94A50B1FE74CDD000A919D /* Assets.xcassets */; };
		8E94A50F1FE74CDD000A919D /* LaunchScreen.storyboard in Resources */ = {isa = PBXBuildFile; fileRef = 8E94A50D1FE74CDD000A919D /* LaunchScreen.storyboard */; };
		8E94A51A1FE74CDD000A919D /* ActivityRecognitionTests.swift in Sources */ = {isa = PBXBuildFile; fileRef = 8E94A5191FE74CDD000A919D /* ActivityRecognitionTests.swift */; };
/* End PBXBuildFile section */

/* Begin PBXContainerItemProxy section */
		8E94A5161FE74CDD000A919D /* PBXContainerItemProxy */ = {
			isa = PBXContainerItemProxy;
			containerPortal = 8E94A4F61FE74CDD000A919D /* Project object */;
			proxyType = 1;
			remoteGlobalIDString = 8E94A4FD1FE74CDD000A919D;
			remoteInfo = ActivityRecognition;
		};
/* End PBXContainerItemProxy section */

/* Begin PBXFileReference section */
		8E94A4FE1FE74CDD000A919D /* ActivityRecognition.app */ = {isa = PBXFileReference; explicitFileType = wrapper.application; includeInIndex = 0; path = ActivityRecognition.app; sourceTree = BUILT_PRODUCTS_DIR; };
		8E94A5011FE74CDD000A919D /* AppDelegate.swift */ = {isa = PBXFileReference; lastKnownFileType = sourcecode.swift; path = AppDelegate.swift; sourceTree = "<group>"; };
		8E94A5031FE74CDD000A919D /* ViewController.swift */ = {isa = PBXFileReference; lastKnownFileType = sourcecode.swift; path = ViewController.swift; sourceTree = "<group>"; };
		8E94A5061FE74CDD000A919D /* Base */ = {isa = PBXFileReference; lastKnownFileType = file.storyboard; name = Base; path = Base.lproj/Main.storyboard; sourceTree = "<group>"; };
		8E94A5091FE74CDD000A919D /* ActivityRecognition.xcdatamodel */ = {isa = PBXFileReference; lastKnownFileType = wrapper.xcdatamodel; path = ActivityRecognition.xcdatamodel; sourceTree = "<group>"; };
		8E94A50B1FE74CDD000A919D /* Assets.xcassets */ = {isa = PBXFileReference; lastKnownFileType = folder.assetcatalog; path = Assets.xcassets; sourceTree = "<group>"; };
		8E94A50E1FE74CDD000A919D /* Base */ = {isa = PBXFileReference; lastKnownFileType = file.storyboard; name = Base; path = Base.lproj/LaunchScreen.storyboard; sourceTree = "<group>"; };
		8E94A5101FE74CDD000A919D /* Info.plist */ = {isa = PBXFileReference; lastKnownFileType = text.plist.xml; path = Info.plist; sourceTree = "<group>"; };
		8E94A5151FE74CDD000A919D /* ActivityRecognitionTests.xctest */ = {isa = PBXFileReference; explicitFileType = wrapper.cfbundle; includeInIndex = 0; path = ActivityRecognitionTests.xctest; sourceTree = BUILT_PRODUCTS_DIR; };
		8E94A5191FE74CDD000A919D /* ActivityRecognitionTests.swift */ = {isa = PBXFileReference; lastKnownFileType = sourcecode.swift; path = ActivityRecognitionTests.swift; sourceTree = "<group>"; };
		8E94A51B1FE74CDD000A919D /* Info.plist */ = {isa = PBXFileReference; lastKnownFileType = text.plist.xml; path = Info.plist; sourceTree = "<group>"; };
/* End PBXFileReference section */

/* Begin PBXFrameworksBuildPhase section */
		8E94A4FB1FE74CDD000A919D /* Frameworks */ = {
			isa = PBXFrameworksBuildPhase;
			buildActionMask = 2147483647;
			files = (
			);
			runOnlyForDeploymentPostprocessing = 0;
		};
		8E94A5121FE74CDD000A919D /* Frameworks */ = {
			isa = PBXFrameworksBuildPhase;
			buildActionMask = 2147483647;
			files = (
			);
			runOnlyForDeploymentPostprocessing = 0;
		};
/* End PBXFrameworksBuildPhase section */

/* Begin PBXGroup section */
		8E94A4F51FE74CDD000A919D = {
			isa = PBXGroup;
			children = (
				8E94A5001FE74CDD000A919D /* ActivityRecognition */,
				8E94A5181FE74CDD000A919D /* ActivityRecognitionTests */,
				8E94A4FF1FE74CDD000A919D /* Products */,
			);
			sourceTree = "<group>";
		};
		8E94A4FF1FE74CDD000A919D /* Products */ = {
			isa = PBXGroup;
			children = (
				8E94A4FE1FE74CDD000A919D /* ActivityRecognition.app */,
				8E94A5151FE74CDD000A919D /* ActivityRecognitionTests.xctest */,
			);
			name = Products;
			sourceTree = "<group>";
		};
		8E94A5001FE74CDD000A919D /* ActivityRecognition */ = {
			isa = PBXGroup;
			children = (
				8E94A5011FE74CDD000A919D /* AppDelegate.swift */,
				8E94A5031FE74CDD000A919D /* ViewController.swift */,
				8E94A5051FE74CDD000A919D /* Main.storyboard */,
				8E94A50B1FE74CDD000A919D /* Assets.xcassets */,
				8E94A50D1FE74CDD000A919D /* LaunchScreen.storyboard */,
				8E94A5101FE74CDD000A919D /* Info.plist */,
				8E94A5081FE74CDD000A919D /* ActivityRecognition.xcdatamodeld */,
			);
			path = ActivityRecognition;
			sourceTree = "<group>";
		};
		8E94A5181FE74CDD000A919D /* ActivityRecognitionTests */ = {
			isa = PBXGroup;
			children = (
				8E94A5191FE74CDD000A919D /* ActivityRecognitionTests.swift */,
				8E94A51B1FE74CDD000A919D /* Info.plist */,
			);
			path = ActivityRecognitionTests;
			sourceTree = "<group>";
		};
/* End PBXGroup section */

/* Begin PBXNativeTarget section */
		8E94A4FD1FE74CDD000A919D /* ActivityRecognition */ = {
			isa = PBXNativeTarget;
			buildConfigurationList = 8E94A51E1FE74CDD000A919D /* Build configuration list for PBXNativeTarget "ActivityRecognition" */;
			buildPhases = (
				8E94A4FA1FE74CDD000A919D /* Sources */,
				8E94A4FB1FE74CDD000A919D /* Frameworks */,
				8E94A4FC1FE74CDD000A919D /* Resources */,
			);
			buildRules = (
			);
			dependencies = (
			);
			name = ActivityRecognition;
			productName = ActivityRecognition;
			productReference = 8E94A4FE1FE74CDD000A919D /* ActivityRecognition.app */;
			productType = "com.apple.product-type.application";
		};
		8E94A5141FE74CDD000A919D /* ActivityRecognitionTests */ = {
			isa = PBXNativeTarget;
			buildConfigurationList = 8E94A5211FE74CDD000A919D /* Build configuration list for PBXNativeTarget "ActivityRecognitionTests" */;
			buildPhases = (
				8E94A5111FE74CDD000A919D /* Sources */,
				8E94A5121FE74CDD000A919D /* Frameworks */,
				8E94A5131FE74CDD000A919D /* Resources */,
			);
			buildRules = (
			);
			dependencies = (
				8E94A5171FE74CDD000A919D /* PBXTargetDependency */,
			);
			name = ActivityRecognitionTests;
			productName = ActivityRecognitionTests;
			productReference = 8E94A5151FE74CDD000A919D /* ActivityRecognitionTests.xctest */;
			productType = "com.apple.product-type.bundle.unit-test";
		};
/* End PBXNativeTarget section */

/* Begin PBXProject section */
		8E94A4F61FE74CDD000A919D /* Project object */ = {
			isa = PBXProject;
			attributes = {
				LastSwiftUpdateCheck = 0830;
				LastUpgradeCheck = 0830;
				ORGANIZATIONNAME = Bharath;
				TargetAttributes = {
					8E94A4FD1FE74CDD000A919D = {
						CreatedOnToolsVersion = 8.3.2;
						DevelopmentTeam = UBSDJY2Y4K;
						ProvisioningStyle = Automatic;
					};
					8E94A5141FE74CDD000A919D = {
						CreatedOnToolsVersion = 8.3.2;
						ProvisioningStyle = Automatic;
						TestTargetID = 8E94A4FD1FE74CDD000A919D;
					};
				};
			};
			buildConfigurationList = 8E94A4F91FE74CDD000A919D /* Build configuration list for PBXProject "ActivityRecognition" */;
			compatibilityVersion = "Xcode 3.2";
			developmentRegion = English;
			hasScannedForEncodings = 0;
			knownRegions = (
				en,
				Base,
			);
			mainGroup = 8E94A4F51FE74CDD000A919D;
			productRefGroup = 8E94A4FF1FE74CDD000A919D /* Products */;
			projectDirPath = "";
			projectRoot = "";
			targets = (
				8E94A4FD1FE74CDD000A919D /* ActivityRecognition */,
				8E94A5141FE74CDD000A919D /* ActivityRecognitionTests */,
			);
		};
/* End PBXProject section */

/* Begin PBXResourcesBuildPhase section */
		8E94A4FC1FE74CDD000A919D /* Resources */ = {
			isa = PBXResourcesBuildPhase;
			buildActionMask = 2147483647;
			files = (
				8E94A50F1FE74CDD000A919D /* LaunchScreen.storyboard in Resources */,
				8E94A50C1FE74CDD000A919D /* Assets.xcassets in Resources */,
				8E94A5071FE74CDD000A919D /* Main.storyboard in Resources */,
			);
			runOnlyForDeploymentPostprocessing = 0;
		};
		8E94A5131FE74CDD000A919D /* Resources */ = {
			isa = PBXResourcesBuildPhase;
			buildActionMask = 2147483647;
			files = (
			);
			runOnlyForDeploymentPostprocessing = 0;
		};
/* End PBXResourcesBuildPhase section */

/* Begin PBXSourcesBuildPhase section */
		8E94A4FA1FE74CDD000A919D /* Sources */ = {
			isa = PBXSourcesBuildPhase;
			buildActionMask = 2147483647;
			files = (
				8E94A5041FE74CDD000A919D /* ViewController.swift in Sources */,
				8E94A50A1FE74CDD000A919D /* ActivityRecognition.xcdatamodeld in Sources */,
				8E94A5021FE74CDD000A919D /* AppDelegate.swift in Sources */,
			);
			runOnlyForDeploymentPostprocessing = 0;
		};
		8E94A5111FE74CDD000A919D /* Sources */ = {
			isa = PBXSourcesBuildPhase;
			buildActionMask = 2147483647;
			files = (
				8E94A51A1FE74CDD000A919D /* ActivityRecognitionTests.swift in Sources */,
			);
			runOnlyForDeploymentPostprocessing = 0;
		};
/* End PBXSourcesBuildPhase section */

/* Begin PBXTargetDependency section */
		8E94A5171FE74CDD000A919D /* PBXTargetDependency */ = {
			isa = PBXTargetDependency;
			target = 8E94A4FD1FE74CDD000A919D /* ActivityRecognition */;
			targetProxy = 8E94A5161FE74CDD000A919D /* PBXContainerItemProxy */;
		};
/* End PBXTargetDependency section */

/* Begin PBXVariantGroup section */
		8E94A5051FE74CDD000A919D /* Main.storyboard */ = {
			isa = PBXVariantGroup;
			children = (
				8E94A5061FE74CDD000A919D /* Base */,
			);
			name = Main.storyboard;
			sourceTree = "<group>";
		};
		8E94A50D1FE74CDD000A919D /* LaunchScreen.storyboard */ = {
			isa = PBXVariantGroup;
			children = (
				8E94A50E1FE74CDD000A919D /* Base */,
			);
			name = LaunchScreen.storyboard;
			sourceTree = "<group>";
		};
/* End PBXVariantGroup section */

/* Begin XCBuildConfiguration section */
		8E94A51C1FE74CDD000A919D /* Debug */ = {
			isa = XCBuildConfiguration;
			buildSettings = {
				ALWAYS_SEARCH_USER_PATHS = NO;
				CLANG_ANALYZER_NONNULL = YES;
				CLANG_ANALYZER_NUMBER_OBJECT_CONVERSION = YES_AGGRESSIVE;
				CLANG_CXX_LANGUAGE_STANDARD = "gnu++0x";
				CLANG_CXX_LIBRARY = "libc++";
				CLANG_ENABLE_MODULES = YES;
				CLANG_ENABLE_OBJC_ARC = YES;
				CLANG_WARN_BOOL_CONVERSION = YES;
				CLANG_WARN_CONSTANT_CONVERSION = YES;
				CLANG_WARN_DIRECT_OBJC_ISA_USAGE = YES_ERROR;
				CLANG_WARN_DOCUMENTATION_COMMENTS = YES;
				CLANG_WARN_EMPTY_BODY = YES;
				CLANG_WARN_ENUM_CONVERSION = YES;
				CLANG_WARN_INFINITE_RECURSION = YES;
				CLANG_WARN_INT_CONVERSION = YES;
				CLANG_WARN_OBJC_ROOT_CLASS = YES_ERROR;
				CLANG_WARN_SUSPICIOUS_MOVE = YES;
				CLANG_WARN_UNREACHABLE_CODE = YES;
				CLANG_WARN__DUPLICATE_METHOD_MATCH = YES;
				"CODE_SIGN_IDENTITY[sdk=iphoneos*]" = "iPhone Developer";
				COPY_PHASE_STRIP = NO;
				DEBUG_INFORMATION_FORMAT = dwarf;
				ENABLE_STRICT_OBJC_MSGSEND = YES;
				ENABLE_TESTABILITY = YES;
				GCC_C_LANGUAGE_STANDARD = gnu99;
				GCC_DYNAMIC_NO_PIC = NO;
				GCC_NO_COMMON_BLOCKS = YES;
				GCC_OPTIMIZATION_LEVEL = 0;
				GCC_PREPROCESSOR_DEFINITIONS = (
					"DEBUG=1",
					"$(inherited)",
				);
				GCC_WARN_64_TO_32_BIT_CONVERSION = YES;
				GCC_WARN_ABOUT_RETURN_TYPE = YES_ERROR;
				GCC_WARN_UNDECLARED_SELECTOR = YES;
				GCC_WARN_UNINITIALIZED_AUTOS = YES_AGGRESSIVE;
				GCC_WARN_UNUSED_FUNCTION = YES;
				GCC_WARN_UNUSED_VARIABLE = YES;
				IPHONEOS_DEPLOYMENT_TARGET = 10.3;
				MTL_ENABLE_DEBUG_INFO = YES;
				ONLY_ACTIVE_ARCH = YES;
				SDKROOT = iphoneos;
				SWIFT_ACTIVE_COMPILATION_CONDITIONS = DEBUG;
				SWIFT_OPTIMIZATION_LEVEL = "-Onone";
				TARGETED_DEVICE_FAMILY = "1,2";
			};
			name = Debug;
		};
		8E94A51D1FE74CDD000A919D /* Release */ = {
			isa = XCBuildConfiguration;
			buildSettings = {
				ALWAYS_SEARCH_USER_PATHS = NO;
				CLANG_ANALYZER_NONNULL = YES;
				CLANG_ANALYZER_NUMBER_OBJECT_CONVERSION = YES_AGGRESSIVE;
				CLANG_CXX_LANGUAGE_STANDARD = "gnu++0x";
				CLANG_CXX_LIBRARY = "libc++";
				CLANG_ENABLE_MODULES = YES;
				CLANG_ENABLE_OBJC_ARC = YES;
				CLANG_WARN_BOOL_CONVERSION = YES;
				CLANG_WARN_CONSTANT_CONVERSION = YES;
				CLANG_WARN_DIRECT_OBJC_ISA_USAGE = YES_ERROR;
				CLANG_WARN_DOCUMENTATION_COMMENTS = YES;
				CLANG_WARN_EMPTY_BODY = YES;
				CLANG_WARN_ENUM_CONVERSION = YES;
				CLANG_WARN_INFINITE_RECURSION = YES;
				CLANG_WARN_INT_CONVERSION = YES;
				CLANG_WARN_OBJC_ROOT_CLASS = YES_ERROR;
				CLANG_WARN_SUSPICIOUS_MOVE = YES;
				CLANG_WARN_UNREACHABLE_CODE = YES;
				CLANG_WARN__DUPLICATE_METHOD_MATCH = YES;
				"CODE_SIGN_IDENTITY[sdk=iphoneos*]" = "iPhone Developer";
				COPY_PHASE_STRIP = NO;
				DEBUG_INFORMATION_FORMAT = "dwarf-with-dsym";
				ENABLE_NS_ASSERTIONS = NO;
				ENABLE_STRICT_OBJC_MSGSEND = YES;
				GCC_C_LANGUAGE_STANDARD = gnu99;
				GCC_NO_COMMON_BLOCKS = YES;
				GCC_WARN_64_TO_32_BIT_CONVERSION = YES;
				GCC_WARN_ABOUT_RETURN_TYPE = YES_ERROR;
				GCC_WARN_UNDECLARED_SELECTOR = YES;
				GCC_WARN_UNINITIALIZED_AUTOS = YES_AGGRESSIVE;
				GCC_WARN_UNUSED_FUNCTION = YES;
				GCC_WARN_UNUSED_VARIABLE = YES;
				IPHONEOS_DEPLOYMENT_TARGET = 10.3;
				MTL_ENABLE_DEBUG_INFO = NO;
				SDKROOT = iphoneos;
				SWIFT_OPTIMIZATION_LEVEL = "-Owholemodule";
				TARGETED_DEVICE_FAMILY = "1,2";
				VALIDATE_PRODUCT = YES;
			};
			name = Release;
		};
		8E94A51F1FE74CDD000A919D /* Debug */ = {
			isa = XCBuildConfiguration;
			buildSettings = {
				ASSETCATALOG_COMPILER_APPICON_NAME = AppIcon;
				DEVELOPMENT_TEAM = UBSDJY2Y4K;
				INFOPLIST_FILE = ActivityRecognition/Info.plist;
				LD_RUNPATH_SEARCH_PATHS = "$(inherited) @executable_path/Frameworks";
				PRODUCT_BUNDLE_IDENTIFIER = com.example.ActivityRecognition;
				PRODUCT_NAME = "$(TARGET_NAME)";
				SWIFT_VERSION = 3.0;
			};
			name = Debug;
		};
		8E94A5201FE74CDD000A919D /* Release */ = {
			isa = XCBuildConfiguration;
			buildSettings = {
				ASSETCATALOG_COMPILER_APPICON_NAME = AppIcon;
				DEVELOPMENT_TEAM = UBSDJY2Y4K;
				INFOPLIST_FILE = ActivityRecognition/Info.plist;
				LD_RUNPATH_SEARCH_PATHS = "$(inherited) @executable_path/Frameworks";
				PRODUCT_BUNDLE_IDENTIFIER = com.example.ActivityRecognition;
				PRODUCT_NAME = "$(TARGET_NAME)";
				SWIFT_VERSION = 3.0;
			};
			name = Release;
		};
		8E94A5221FE74CDD000A919D /* Debug */ = {
			isa = XCBuildConfiguration;
			buildSettings = {
				ALWAYS_EMBED_SWIFT_STANDARD_LIBRARIES = YES;
				BUNDLE_LOADER = "$(TEST_HOST)";
				INFOPLIST_FILE = ActivityRecognitionTests/Info.plist;
				LD_RUNPATH_SEARCH_PATHS = "$(inherited) @executable_path/Frameworks @loader_path/Frameworks";
				PRODUCT_BUNDLE_IDENTIFIER = com.example.ActivityRecognitionTests;
				PRODUCT_NAME = "$(TARGET_NAME)";
				SWIFT_VERSION = 3.0;
				TEST_HOST = "$(BUILT_PRODUCTS_DIR)/ActivityRecognition.app/ActivityRecognition";
			};
			name = Debug;
		};
		8E94A5231FE74CDD000A919D /* Release */ = {
			isa = XCBuildConfiguration;
			buildSettings = {
				ALWAYS_EMBED_SWIFT_STANDARD_LIBRARIES = YES;
				BUNDLE_LOADER = "$(TEST_HOST)";
				INFOPLIST_FILE = ActivityRecognitionTests/Info.plist;
				LD_RUNPATH_SEARCH_PATHS = "$(inherited) @executable_path/Frameworks @loader_path/Frameworks";
				PRODUCT_BUNDLE_IDENTIFIER = com.example.ActivityRecognitionTests;
				PRODUCT_NAME = "$(TARGET_NAME)";
				SWIFT_VERSION = 3.0;
				TEST_HOST = "$(BUILT_PRODUCTS_DIR)/ActivityRecognition.app/ActivityRecognition";
			};
			name = Release;
		};
/* End XCBuildConfiguration section */

/* Begin XCConfigurationList section */
		8E94A4F91FE74CDD000A919D /* Build configuration list for PBXProject "ActivityRecognition" */ = {
			isa = XCConfigurationList;
			buildConfigurations = (
				8E94A51C1FE74CDD000A919D /* Debug */,
				8E94A51D1FE74CDD000A919D /* Release */,
			);
			defaultConfigurationIsVisible = 0;
			defaultConfigurationName = Release;
		};
		8E94A51E1FE74CDD000A919D /* Build configuration list for PBXNativeTarget "ActivityRecognition" */ = {
			isa = XCConfigurationList;
			buildConfigurations = (
				8E94A51F1FE74CDD000A919D /* Debug */,
				8E94A5201FE74CDD000A919D /* Release */,
			);
			defaultConfigurationIsVisible = 0;
		};
		8E94A5211FE74CDD000A919D /* Build configuration list for PBXNativeTarget "ActivityRecognitionTests" */ = {
			isa = XCConfigurationList;
			buildConfigurations = (
				8E94A5221FE74CDD000A919D /* Debug */,
				8E94A5231FE74CDD000A919D /* Release */,
			);
			defaultConfigurationIsVisible = 0;
		};
/* End XCConfigurationList section */

/* Begin XCVersionGroup section */
		8E94A5081FE74CDD000A919D /* ActivityRecognition.xcdatamodeld */ = {
			isa = XCVersionGroup;
			children = (
				8E94A5091FE74CDD000A919D /* ActivityRecognition.xcdatamodel */,
			);
			currentVersion = 8E94A5091FE74CDD000A919D /* ActivityRecognition.xcdatamodel */;
			path = ActivityRecognition.xcdatamodeld;
			sourceTree = "<group>";
			versionGroupType = wrapper.xcdatamodel;
		};
/* End XCVersionGroup section */
	};
	rootObject = 8E94A4F61FE74CDD000A919D /* Project object */;
}
